
Microsoft Visual Studio Solution File, Format Version 12.00
# Visual Studio 15
VisualStudioVersion = 15.0.28307.539
MinimumVisualStudioVersion = 10.0.40219.1
Project("{FAE04EC0-301F-11D3-BF4B-00C04F79EFBC}") = "KMLExportApp", "KMLExportApp\KMLExportApp.csproj", "{46208848-C894-4B95-B669-2ADE5CD0ADF8}"
EndProject
Global
	GlobalSection(SolutionConfigurationPlatforms) = preSolution
		Debug|Any CPU = Debug|Any CPU
		Release|Any CPU = Release|Any CPU
	EndGlobalSection
	GlobalSection(ProjectConfigurationPlatforms) = postSolution
		{46208848-C894-4B95-B669-2ADE5CD0ADF8}.Debug|Any CPU.ActiveCfg = Debug|Any CPU
		{46208848-C894-4B95-B669-2ADE5CD0ADF8}.Debug|Any CPU.Build.0 = Debug|Any CPU
		{46208848-C894-4B95-B669-2ADE5CD0ADF8}.Release|Any CPU.ActiveCfg = Release|Any CPU
		{46208848-C894-4B95-B669-2ADE5CD0ADF8}.Release|Any CPU.Build.0 = Release|Any CPU
	EndGlobalSection
	GlobalSection(SolutionProperties) = preSolution
		HideSolutionNode = FALSE
	EndGlobalSection
	GlobalSection(ExtensibilityGlobals) = postSolution
		SolutionGuid = {0B5C0CF2-C9DA-4657-AF2A-874209B27F15}
	EndGlobalSection
EndGlobal
